
Microsoft Visual Studio Solution File, Format Version 12.00
# Visual Studio Version 16
VisualStudioVersion = 16.0.30621.155
MinimumVisualStudioVersion = 10.0.40219.1
Project("{FAE04EC0-301F-11D3-BF4B-00C04F79EFBC}") = "Cinev2", "Cinev2\Cinev2.csproj", "{7C54E91E-962F-47E5-84C8-00D36DBD6478}"
EndProject
Global
	GlobalSection(SolutionConfigurationPlatforms) = preSolution
		Debug|Any CPU = Debug|Any CPU
		Release|Any CPU = Release|Any CPU
	EndGlobalSection
	GlobalSection(ProjectConfigurationPlatforms) = postSolution
		{7C54E91E-962F-47E5-84C8-00D36DBD6478}.Debug|Any CPU.ActiveCfg = Debug|Any CPU
		{7C54E91E-962F-47E5-84C8-00D36DBD6478}.Debug|Any CPU.Build.0 = Debug|Any CPU
		{7C54E91E-962F-47E5-84C8-00D36DBD6478}.Release|Any CPU.ActiveCfg = Release|Any CPU
		{7C54E91E-962F-47E5-84C8-00D36DBD6478}.Release|Any CPU.Build.0 = Release|Any CPU
	EndGlobalSection
	GlobalSection(SolutionProperties) = preSolution
		HideSolutionNode = FALSE
	EndGlobalSection
	GlobalSection(ExtensibilityGlobals) = postSolution
		SolutionGuid = {DF67AE6F-F736-429B-901A-05703B7DCF06}
	EndGlobalSection
EndGlobal
